
Microsoft Visual Studio Solution File, Format Version 12.00
# Visual Studio Version 17
VisualStudioVersion = 17.1.32210.238
MinimumVisualStudioVersion = 10.0.40219.1
Project("{FAE04EC0-301F-11D3-BF4B-00C04F79EFBC}") = "Uppgift3-5", "Uppgift3-5\Uppgift3-5.csproj", "{E356A974-3EB8-48DA-85BB-92603298F04D}"
EndProject
Global
	GlobalSection(SolutionConfigurationPlatforms) = preSolution
		Debug|Any CPU = Debug|Any CPU
		Release|Any CPU = Release|Any CPU
	EndGlobalSection
	GlobalSection(ProjectConfigurationPlatforms) = postSolution
		{E356A974-3EB8-48DA-85BB-92603298F04D}.Debug|Any CPU.ActiveCfg = Debug|Any CPU
		{E356A974-3EB8-48DA-85BB-92603298F04D}.Debug|Any CPU.Build.0 = Debug|Any CPU
		{E356A974-3EB8-48DA-85BB-92603298F04D}.Release|Any CPU.ActiveCfg = Release|Any CPU
		{E356A974-3EB8-48DA-85BB-92603298F04D}.Release|Any CPU.Build.0 = Release|Any CPU
	EndGlobalSection
	GlobalSection(SolutionProperties) = preSolution
		HideSolutionNode = FALSE
	EndGlobalSection
	GlobalSection(ExtensibilityGlobals) = postSolution
		SolutionGuid = {B1B9D8A0-52B9-451F-B9B4-A123160375E0}
	EndGlobalSection
EndGlobal
